{
  "requires": true,
  "lockfileVersion": 1,
  "dependencies": {
    "react-sketch-canvas": {
      "version": "6.1.5",
      "resolved": "https://registry.npmjs.org/react-sketch-canvas/-/react-sketch-canvas-6.1.5.tgz",
      "integrity": "sha512-ZxrEmPY9984SvFPkEl/c/FKKkiPa56SITjNFHh9cNN25q+meAyQ6wT0rPCkf7yLjc4dXgYEppW87dP/dmuN15g=="
    }
  }
}
